
Microsoft Visual Studio Solution File, Format Version 12.00
Project("{FAE04EC0-301F-11D3-BF4B-00C04F79EFBC}") = "9.9_hypotenuse", "9.9_hypotenuse\9.9_hypotenuse.csproj", "{F2C27FC0-C3EF-4AF0-9197-F2BBAACB7E56}"
EndProject
Global
	GlobalSection(SolutionConfigurationPlatforms) = preSolution
		Debug|Any CPU = Debug|Any CPU
		Release|Any CPU = Release|Any CPU
	EndGlobalSection
	GlobalSection(ProjectConfigurationPlatforms) = postSolution
		{F2C27FC0-C3EF-4AF0-9197-F2BBAACB7E56}.Debug|Any CPU.ActiveCfg = Debug|Any CPU
		{F2C27FC0-C3EF-4AF0-9197-F2BBAACB7E56}.Debug|Any CPU.Build.0 = Debug|Any CPU
		{F2C27FC0-C3EF-4AF0-9197-F2BBAACB7E56}.Release|Any CPU.ActiveCfg = Release|Any CPU
		{F2C27FC0-C3EF-4AF0-9197-F2BBAACB7E56}.Release|Any CPU.Build.0 = Release|Any CPU
	EndGlobalSection
EndGlobal
